
Microsoft Visual Studio Solution File, Format Version 12.00
Project("{FAE04EC0-301F-11D3-BF4B-00C04F79EFBC}") = "Hacker-News-Feed", "Hacker-News-Feed.csproj", "{5D62C77F-09B8-4A39-87E6-5C35112D0AD4}"
EndProject
Project("{FAE04EC0-301F-11D3-BF4B-00C04F79EFBC}") = "Hacker-News-Feed.Tests", "Hacker-News-Feed.Tests\Hacker-News-Feed.Tests.csproj", "{C27A3012-3BE5-46D9-93A9-8FF049AD9E85}"
EndProject
Global
	GlobalSection(SolutionConfigurationPlatforms) = preSolution
		Debug|Any CPU = Debug|Any CPU
		Release|Any CPU = Release|Any CPU
	EndGlobalSection
	GlobalSection(ProjectConfigurationPlatforms) = postSolution
		{5D62C77F-09B8-4A39-87E6-5C35112D0AD4}.Debug|Any CPU.ActiveCfg = Debug|Any CPU
		{5D62C77F-09B8-4A39-87E6-5C35112D0AD4}.Debug|Any CPU.Build.0 = Debug|Any CPU
		{5D62C77F-09B8-4A39-87E6-5C35112D0AD4}.Release|Any CPU.ActiveCfg = Release|Any CPU
		{5D62C77F-09B8-4A39-87E6-5C35112D0AD4}.Release|Any CPU.Build.0 = Release|Any CPU
		{C27A3012-3BE5-46D9-93A9-8FF049AD9E85}.Debug|Any CPU.ActiveCfg = Debug|Any CPU
		{C27A3012-3BE5-46D9-93A9-8FF049AD9E85}.Debug|Any CPU.Build.0 = Debug|Any CPU
		{C27A3012-3BE5-46D9-93A9-8FF049AD9E85}.Release|Any CPU.ActiveCfg = Release|Any CPU
		{C27A3012-3BE5-46D9-93A9-8FF049AD9E85}.Release|Any CPU.Build.0 = Release|Any CPU
	EndGlobalSection
EndGlobal
